{"is_source_file": false, "format": "", "description": "", "external_files": [], "external_methods": [], "published": [], "classes": [], "methods": [], "calls": [], "search-terms": [], "state": 2, "file_id": 9, "knowledge_revision": 32, "git_revision": "865544cfc3e6d39c798c7508d7789deadfe330de", "filename": "/home/kavia/workspace/code-generation/tictactoe-classic-100386-100392/main_container_for_tictactoe_classic/post_process_status.lock", "hash": "9c4ed7ef73e22b872b8055bec08b8979", "format-version": 4, "code-base-name": "default", "revision_history": [{"32": "865544cfc3e6d39c798c7508d7789deadfe330de"}]}