{"is_source_file": false, "format": "", "description": "", "external_files": [], "external_methods": [], "published": [], "classes": [], "methods": [], "calls": [], "search-terms": [], "state": 2, "file_id": 30, "knowledge_revision": 67, "git_revision": "6f3e7859731f7f1dc53b3895278c5157d3bba41c", "filename": "/home/kavia/workspace/code-generation/tictactoe-classic-100386-100392/main_container_for_tictactoe_classic/post_process_status.lock", "hash": "e9b4c3b42cef0193b7fddb548d37e652", "format-version": 4, "code-base-name": "default", "revision_history": [{"67": "6f3e7859731f7f1dc53b3895278c5157d3bba41c"}]}